// !$*UTF8*$!
{
	archiveVersion = 1;
	classes = {
	};
	objectVersion = 46;
	objects = {

/* Begin PBXBuildFile section */
		04246E2C1F3BF43600AF55B8 /* main.m in Sources */ = {isa = PBXBuildFile; fileRef = 04246E2B1F3BF43600AF55B8 /* main.m */; };
		04246E2F1F3BF43600AF55B8 /* AppDelegate.m in Sources */ = {isa = PBXBuildFile; fileRef = 04246E2E1F3BF43600AF55B8 /* AppDelegate.m */; };
		04246E321F3BF43700AF55B8 /* ViewController.m in Sources */ = {isa = PBXBuildFile; fileRef = 04246E311F3BF43700AF55B8 /* ViewController.m */; };
		04246E351F3BF43700AF55B8 /* Main.storyboard in Resources */ = {isa = PBXBuildFile; fileRef = 04246E331F3BF43700AF55B8 /* Main.storyboard */; };
		04246E371F3BF43700AF55B8 /* Assets.xcassets in Resources */ = {isa = PBXBuildFile; fileRef = 04246E361F3BF43700AF55B8 /* Assets.xcassets */; };
		04246E3A1F3BF43800AF55B8 /* LaunchScreen.storyboard in Resources */ = {isa = PBXBuildFile; fileRef = 04246E381F3BF43800AF55B8 /* LaunchScreen.storyboard */; };
		04246E421F3BFF0800AF55B8 /* 1.plist in Resources */ = {isa = PBXBuildFile; fileRef = 04246E411F3BFF0800AF55B8 /* 1.plist */; };
		04246E451F3C030900AF55B8 /* WaterFallFlowView.m in Sources */ = {isa = PBXBuildFile; fileRef = 04246E441F3C030900AF55B8 /* WaterFallFlowView.m */; };
		04246E491F3C03F600AF55B8 /* WaterFlowLayout.m in Sources */ = {isa = PBXBuildFile; fileRef = 04246E481F3C03F600AF55B8 /* WaterFlowLayout.m */; };
		04246E4D1F3C050800AF55B8 /* WaterFlowCell.m in Sources */ = {isa = PBXBuildFile; fileRef = 04246E4B1F3C050800AF55B8 /* WaterFlowCell.m */; };
		04246E4E1F3C050800AF55B8 /* WaterFlowCell.xib in Resources */ = {isa = PBXBuildFile; fileRef = 04246E4C1F3C050800AF55B8 /* WaterFlowCell.xib */; };
		04246E511F3C052500AF55B8 /* ShopModel.m in Sources */ = {isa = PBXBuildFile; fileRef = 04246E501F3C052500AF55B8 /* ShopModel.m */; };
		06E7CD2FF6D46BE9701CB235 /* libPods-WaterfallFlow.a in Frameworks */ = {isa = PBXBuildFile; fileRef = AE1D5C74FAC0918BD73CFE0E /* libPods-WaterfallFlow.a */; };
/* End PBXBuildFile section */

/* Begin PBXFileReference section */
		04246E271F3BF43600AF55B8 /* WaterfallFlow.app */ = {isa = PBXFileReference; explicitFileType = wrapper.application; includeInIndex = 0; path = WaterfallFlow.app; sourceTree = BUILT_PRODUCTS_DIR; };
		04246E2B1F3BF43600AF55B8 /* main.m */ = {isa = PBXFileReference; lastKnownFileType = sourcecode.c.objc; path = main.m; sourceTree = "<group>"; };
		04246E2D1F3BF43600AF55B8 /* AppDelegate.h */ = {isa = PBXFileReference; lastKnownFileType = sourcecode.c.h; path = AppDelegate.h; sourceTree = "<group>"; };
		04246E2E1F3BF43600AF55B8 /* AppDelegate.m */ = {isa = PBXFileReference; lastKnownFileType = sourcecode.c.objc; path = AppDelegate.m; sourceTree = "<group>"; };
		04246E301F3BF43700AF55B8 /* ViewController.h */ = {isa = PBXFileReference; lastKnownFileType = sourcecode.c.h; path = ViewController.h; sourceTree = "<group>"; };
		04246E311F3BF43700AF55B8 /* ViewController.m */ = {isa = PBXFileReference; lastKnownFileType = sourcecode.c.objc; path = ViewController.m; sourceTree = "<group>"; };
		04246E341F3BF43700AF55B8 /* Base */ = {isa = PBXFileReference; lastKnownFileType = file.storyboard; name = Base; path = Base.lproj/Main.storyboard; sourceTree = "<group>"; };
		04246E361F3BF43700AF55B8 /* Assets.xcassets */ = {isa = PBXFileReference; lastKnownFileType = folder.assetcatalog; path = Assets.xcassets; sourceTree = "<group>"; };
		04246E391F3BF43800AF55B8 /* Base */ = {isa = PBXFileReference; lastKnownFileType = file.storyboard; name = Base; path = Base.lproj/LaunchScreen.storyboard; sourceTree = "<group>"; };
		04246E3B1F3BF43800AF55B8 /* Info.plist */ = {isa = PBXFileReference; lastKnownFileType = text.plist.xml; path = Info.plist; sourceTree = "<group>"; };
		04246E411F3BFF0800AF55B8 /* 1.plist */ = {isa = PBXFileReference; fileEncoding = 4; lastKnownFileType = text.plist.xml; path = 1.plist; sourceTree = "<group>"; };
		04246E431F3C030900AF55B8 /* WaterFallFlowView.h */ = {isa = PBXFileReference; fileEncoding = 4; lastKnownFileType = sourcecode.c.h; path = WaterFallFlowView.h; sourceTree = "<group>"; };
		04246E441F3C030900AF55B8 /* WaterFallFlowView.m */ = {isa = PBXFileReference; fileEncoding = 4; lastKnownFileType = sourcecode.c.objc; path = WaterFallFlowView.m; sourceTree = "<group>"; };
		04246E471F3C03F600AF55B8 /* WaterFlowLayout.h */ = {isa = PBXFileReference; fileEncoding = 4; lastKnownFileType = sourcecode.c.h; path = WaterFlowLayout.h; sourceTree = "<group>"; };
		04246E481F3C03F600AF55B8 /* WaterFlowLayout.m */ = {isa = PBXFileReference; fileEncoding = 4; lastKnownFileType = sourcecode.c.objc; path = WaterFlowLayout.m; sourceTree = "<group>"; };
		04246E4A1F3C050800AF55B8 /* WaterFlowCell.h */ = {isa = PBXFileReference; fileEncoding = 4; lastKnownFileType = sourcecode.c.h; path = WaterFlowCell.h; sourceTree = "<group>"; };
		04246E4B1F3C050800AF55B8 /* WaterFlowCell.m */ = {isa = PBXFileReference; fileEncoding = 4; lastKnownFileType = sourcecode.c.objc; path = WaterFlowCell.m; sourceTree = "<group>"; };
		04246E4C1F3C050800AF55B8 /* WaterFlowCell.xib */ = {isa = PBXFileReference; fileEncoding = 4; lastKnownFileType = file.xib; path = WaterFlowCell.xib; sourceTree = "<group>"; };
		04246E4F1F3C052500AF55B8 /* ShopModel.h */ = {isa = PBXFileReference; fileEncoding = 4; lastKnownFileType = sourcecode.c.h; path = ShopModel.h; sourceTree = "<group>"; };
		04246E501F3C052500AF55B8 /* ShopModel.m */ = {isa = PBXFileReference; fileEncoding = 4; lastKnownFileType = sourcecode.c.objc; path = ShopModel.m; sourceTree = "<group>"; };
		A34C3065C20CBFF1458E0DE5 /* Pods-WaterfallFlow.release.xcconfig */ = {isa = PBXFileReference; includeInIndex = 1; lastKnownFileType = text.xcconfig; name = "Pods-WaterfallFlow.release.xcconfig"; path = "Pods/Target Support Files/Pods-WaterfallFlow/Pods-WaterfallFlow.release.xcconfig"; sourceTree = "<group>"; };
		AE1D5C74FAC0918BD73CFE0E /* libPods-WaterfallFlow.a */ = {isa = PBXFileReference; explicitFileType = archive.ar; includeInIndex = 0; path = "libPods-WaterfallFlow.a"; sourceTree = BUILT_PRODUCTS_DIR; };
		CEC9E9AF5768C417A34E0BCB /* Pods-WaterfallFlow.debug.xcconfig */ = {isa = PBXFileReference; includeInIndex = 1; lastKnownFileType = text.xcconfig; name = "Pods-WaterfallFlow.debug.xcconfig"; path = "Pods/Target Support Files/Pods-WaterfallFlow/Pods-WaterfallFlow.debug.xcconfig"; sourceTree = "<group>"; };
/* End PBXFileReference section */

/* Begin PBXFrameworksBuildPhase section */
		04246E241F3BF43600AF55B8 /* Frameworks */ = {
			isa = PBXFrameworksBuildPhase;
			buildActionMask = 2147483647;
			files = (
				06E7CD2FF6D46BE9701CB235 /* libPods-WaterfallFlow.a in Frameworks */,
			);
			runOnlyForDeploymentPostprocessing = 0;
		};
/* End PBXFrameworksBuildPhase section */

/* Begin PBXGroup section */
		04246E1E1F3BF43500AF55B8 = {
			isa = PBXGroup;
			children = (
				04246E291F3BF43600AF55B8 /* WaterfallFlow */,
				04246E281F3BF43600AF55B8 /* Products */,
				DDC272A30E086E8CBAA85E1D /* Pods */,
				29A786FBDB8F44BB6E1BDC28 /* Frameworks */,
			);
			sourceTree = "<group>";
		};
		04246E281F3BF43600AF55B8 /* Products */ = {
			isa = PBXGroup;
			children = (
				04246E271F3BF43600AF55B8 /* WaterfallFlow.app */,
			);
			name = Products;
			sourceTree = "<group>";
		};
		04246E291F3BF43600AF55B8 /* WaterfallFlow */ = {
			isa = PBXGroup;
			children = (
				04246E461F3C03BB00AF55B8 /* Class */,
				04246E2A1F3BF43600AF55B8 /* Supporting Files */,
			);
			path = WaterfallFlow;
			sourceTree = "<group>";
		};
		04246E2A1F3BF43600AF55B8 /* Supporting Files */ = {
			isa = PBXGroup;
			children = (
				04246E331F3BF43700AF55B8 /* Main.storyboard */,
				04246E361F3BF43700AF55B8 /* Assets.xcassets */,
				04246E381F3BF43800AF55B8 /* LaunchScreen.storyboard */,
				04246E3B1F3BF43800AF55B8 /* Info.plist */,
				04246E2D1F3BF43600AF55B8 /* AppDelegate.h */,
				04246E2E1F3BF43600AF55B8 /* AppDelegate.m */,
				04246E411F3BFF0800AF55B8 /* 1.plist */,
				04246E2B1F3BF43600AF55B8 /* main.m */,
			);
			name = "Supporting Files";
			sourceTree = "<group>";
		};
		04246E461F3C03BB00AF55B8 /* Class */ = {
			isa = PBXGroup;
			children = (
				04246E521F3C54B500AF55B8 /* WaterFlowView */,
				04246E301F3BF43700AF55B8 /* ViewController.h */,
				04246E311F3BF43700AF55B8 /* ViewController.m */,
			);
			name = Class;
			sourceTree = "<group>";
		};
		04246E521F3C54B500AF55B8 /* WaterFlowView */ = {
			isa = PBXGroup;
			children = (
				04246E431F3C030900AF55B8 /* WaterFallFlowView.h */,
				04246E441F3C030900AF55B8 /* WaterFallFlowView.m */,
				04246E471F3C03F600AF55B8 /* WaterFlowLayout.h */,
				04246E481F3C03F600AF55B8 /* WaterFlowLayout.m */,
				04246E4A1F3C050800AF55B8 /* WaterFlowCell.h */,
				04246E4B1F3C050800AF55B8 /* WaterFlowCell.m */,
				04246E4C1F3C050800AF55B8 /* WaterFlowCell.xib */,
				04246E4F1F3C052500AF55B8 /* ShopModel.h */,
				04246E501F3C052500AF55B8 /* ShopModel.m */,
			);
			name = WaterFlowView;
			sourceTree = "<group>";
		};
		29A786FBDB8F44BB6E1BDC28 /* Frameworks */ = {
			isa = PBXGroup;
			children = (
				AE1D5C74FAC0918BD73CFE0E /* libPods-WaterfallFlow.a */,
			);
			name = Frameworks;
			sourceTree = "<group>";
		};
		DDC272A30E086E8CBAA85E1D /* Pods */ = {
			isa = PBXGroup;
			children = (
				CEC9E9AF5768C417A34E0BCB /* Pods-WaterfallFlow.debug.xcconfig */,
				A34C3065C20CBFF1458E0DE5 /* Pods-WaterfallFlow.release.xcconfig */,
			);
			name = Pods;
			sourceTree = "<group>";
		};
/* End PBXGroup section */

/* Begin PBXNativeTarget section */
		04246E261F3BF43600AF55B8 /* WaterfallFlow */ = {
			isa = PBXNativeTarget;
			buildConfigurationList = 04246E3E1F3BF43800AF55B8 /* Build configuration list for PBXNativeTarget "WaterfallFlow" */;
			buildPhases = (
				564679FE30B7379994E6E3E0 /* [CP] Check Pods Manifest.lock */,
				04246E231F3BF43600AF55B8 /* Sources */,
				04246E241F3BF43600AF55B8 /* Frameworks */,
				04246E251F3BF43600AF55B8 /* Resources */,
				B40CB57C40F40285189F77BD /* [CP] Embed Pods Frameworks */,
				1656C48407D33D2C8E1F79C5 /* [CP] Copy Pods Resources */,
			);
			buildRules = (
			);
			dependencies = (
			);
			name = WaterfallFlow;
			productName = WaterfallFlow;
			productReference = 04246E271F3BF43600AF55B8 /* WaterfallFlow.app */;
			productType = "com.apple.product-type.application";
		};
/* End PBXNativeTarget section */

/* Begin PBXProject section */
		04246E1F1F3BF43500AF55B8 /* Project object */ = {
			isa = PBXProject;
			attributes = {
				LastUpgradeCheck = 0830;
				ORGANIZATIONNAME = "United Network Services Ltd. of Shenzhen City";
				TargetAttributes = {
					04246E261F3BF43600AF55B8 = {
						CreatedOnToolsVersion = 8.3.3;
						DevelopmentTeam = G4E6298X77;
						ProvisioningStyle = Automatic;
					};
				};
			};
			buildConfigurationList = 04246E221F3BF43500AF55B8 /* Build configuration list for PBXProject "WaterfallFlow" */;
			compatibilityVersion = "Xcode 3.2";
			developmentRegion = English;
			hasScannedForEncodings = 0;
			knownRegions = (
				en,
				Base,
			);
			mainGroup = 04246E1E1F3BF43500AF55B8;
			productRefGroup = 04246E281F3BF43600AF55B8 /* Products */;
			projectDirPath = "";
			projectRoot = "";
			targets = (
				04246E261F3BF43600AF55B8 /* WaterfallFlow */,
			);
		};
/* End PBXProject section */

/* Begin PBXResourcesBuildPhase section */
		04246E251F3BF43600AF55B8 /* Resources */ = {
			isa = PBXResourcesBuildPhase;
			buildActionMask = 2147483647;
			files = (
				04246E3A1F3BF43800AF55B8 /* LaunchScreen.storyboard in Resources */,
				04246E371F3BF43700AF55B8 /* Assets.xcassets in Resources */,
				04246E421F3BFF0800AF55B8 /* 1.plist in Resources */,
				04246E4E1F3C050800AF55B8 /* WaterFlowCell.xib in Resources */,
				04246E351F3BF43700AF55B8 /* Main.storyboard in Resources */,
			);
			runOnlyForDeploymentPostprocessing = 0;
		};
/* End PBXResourcesBuildPhase section */

/* Begin PBXShellScriptBuildPhase section */
		1656C48407D33D2C8E1F79C5 /* [CP] Copy Pods Resources */ = {
			isa = PBXShellScriptBuildPhase;
			buildActionMask = 2147483647;
			files = (
			);
			inputPaths = (
			);
			name = "[CP] Copy Pods Resources";
			outputPaths = (
			);
			runOnlyForDeploymentPostprocessing = 0;
			shellPath = /bin/sh;
			shellScript = "\"${SRCROOT}/Pods/Target Support Files/Pods-WaterfallFlow/Pods-WaterfallFlow-resources.sh\"\n";
			showEnvVarsInLog = 0;
		};
		564679FE30B7379994E6E3E0 /* [CP] Check Pods Manifest.lock */ = {
			isa = PBXShellScriptBuildPhase;
			buildActionMask = 2147483647;
			files = (
			);
			inputPaths = (
			);
			name = "[CP] Check Pods Manifest.lock";
			outputPaths = (
			);
			runOnlyForDeploymentPostprocessing = 0;
			shellPath = /bin/sh;
			shellScript = "diff \"${PODS_ROOT}/../Podfile.lock\" \"${PODS_ROOT}/Manifest.lock\" > /dev/null\nif [ $? != 0 ] ; then\n    # print error to STDERR\n    echo \"error: The sandbox is not in sync with the Podfile.lock. Run 'pod install' or update your CocoaPods installation.\" >&2\n    exit 1\nfi\n";
			showEnvVarsInLog = 0;
		};
		B40CB57C40F40285189F77BD /* [CP] Embed Pods Frameworks */ = {
			isa = PBXShellScriptBuildPhase;
			buildActionMask = 2147483647;
			files = (
			);
			inputPaths = (
			);
			name = "[CP] Embed Pods Frameworks";
			outputPaths = (
			);
			runOnlyForDeploymentPostprocessing = 0;
			shellPath = /bin/sh;
			shellScript = "\"${SRCROOT}/Pods/Target Support Files/Pods-WaterfallFlow/Pods-WaterfallFlow-frameworks.sh\"\n";
			showEnvVarsInLog = 0;
		};
/* End PBXShellScriptBuildPhase section */

/* Begin PBXSourcesBuildPhase section */
		04246E231F3BF43600AF55B8 /* Sources */ = {
			isa = PBXSourcesBuildPhase;
			buildActionMask = 2147483647;
			files = (
				04246E511F3C052500AF55B8 /* ShopModel.m in Sources */,
				04246E321F3BF43700AF55B8 /* ViewController.m in Sources */,
				04246E2F1F3BF43600AF55B8 /* AppDelegate.m in Sources */,
				04246E2C1F3BF43600AF55B8 /* main.m in Sources */,
				04246E4D1F3C050800AF55B8 /* WaterFlowCell.m in Sources */,
				04246E451F3C030900AF55B8 /* WaterFallFlowView.m in Sources */,
				04246E491F3C03F600AF55B8 /* WaterFlowLayout.m in Sources */,
			);
			runOnlyForDeploymentPostprocessing = 0;
		};
/* End PBXSourcesBuildPhase section */

/* Begin PBXVariantGroup section */
		04246E331F3BF43700AF55B8 /* Main.storyboard */ = {
			isa = PBXVariantGroup;
			children = (
				04246E341F3BF43700AF55B8 /* Base */,
			);
			name = Main.storyboard;
			sourceTree = "<group>";
		};
		04246E381F3BF43800AF55B8 /* LaunchScreen.storyboard */ = {
			isa = PBXVariantGroup;
			children = (
				04246E391F3BF43800AF55B8 /* Base */,
			);
			name = LaunchScreen.storyboard;
			sourceTree = "<group>";
		};
/* End PBXVariantGroup section */

/* Begin XCBuildConfiguration section */
		04246E3C1F3BF43800AF55B8 /* Debug */ = {
			isa = XCBuildConfiguration;
			buildSettings = {
				ALWAYS_SEARCH_USER_PATHS = NO;
				CLANG_ANALYZER_NONNULL = YES;
				CLANG_ANALYZER_NUMBER_OBJECT_CONVERSION = YES_AGGRESSIVE;
				CLANG_CXX_LANGUAGE_STANDARD = "gnu++0x";
				CLANG_CXX_LIBRARY = "libc++";
				CLANG_ENABLE_MODULES = YES;
				CLANG_ENABLE_OBJC_ARC = YES;
				CLANG_WARN_BOOL_CONVERSION = YES;
				CLANG_WARN_CONSTANT_CONVERSION = YES;
				CLANG_WARN_DIRECT_OBJC_ISA_USAGE = YES_ERROR;
				CLANG_WARN_DOCUMENTATION_COMMENTS = YES;
				CLANG_WARN_EMPTY_BODY = YES;
				CLANG_WARN_ENUM_CONVERSION = YES;
				CLANG_WARN_INFINITE_RECURSION = YES;
				CLANG_WARN_INT_CONVERSION = YES;
				CLANG_WARN_OBJC_ROOT_CLASS = YES_ERROR;
				CLANG_WARN_SUSPICIOUS_MOVE = YES;
				CLANG_WARN_UNREACHABLE_CODE = YES;
				CLANG_WARN__DUPLICATE_METHOD_MATCH = YES;
				"CODE_SIGN_IDENTITY[sdk=iphoneos*]" = "iPhone Developer";
				COPY_PHASE_STRIP = NO;
				DEBUG_INFORMATION_FORMAT = dwarf;
				ENABLE_STRICT_OBJC_MSGSEND = YES;
				ENABLE_TESTABILITY = YES;
				GCC_C_LANGUAGE_STANDARD = gnu99;
				GCC_DYNAMIC_NO_PIC = NO;
				GCC_NO_COMMON_BLOCKS = YES;
				GCC_OPTIMIZATION_LEVEL = 0;
				GCC_PREPROCESSOR_DEFINITIONS = (
					"DEBUG=1",
					"$(inherited)",
				);
				GCC_WARN_64_TO_32_BIT_CONVERSION = YES;
				GCC_WARN_ABOUT_RETURN_TYPE = YES_ERROR;
				GCC_WARN_UNDECLARED_SELECTOR = YES;
				GCC_WARN_UNINITIALIZED_AUTOS = YES_AGGRESSIVE;
				GCC_WARN_UNUSED_FUNCTION = YES;
				GCC_WARN_UNUSED_VARIABLE = YES;
				IPHONEOS_DEPLOYMENT_TARGET = 10.3;
				MTL_ENABLE_DEBUG_INFO = YES;
				ONLY_ACTIVE_ARCH = YES;
				SDKROOT = iphoneos;
			};
			name = Debug;
		};
		04246E3D1F3BF43800AF55B8 /* Release */ = {
			isa = XCBuildConfiguration;
			buildSettings = {
				ALWAYS_SEARCH_USER_PATHS = NO;
				CLANG_ANALYZER_NONNULL = YES;
				CLANG_ANALYZER_NUMBER_OBJECT_CONVERSION = YES_AGGRESSIVE;
				CLANG_CXX_LANGUAGE_STANDARD = "gnu++0x";
				CLANG_CXX_LIBRARY = "libc++";
				CLANG_ENABLE_MODULES = YES;
				CLANG_ENABLE_OBJC_ARC = YES;
				CLANG_WARN_BOOL_CONVERSION = YES;
				CLANG_WARN_CONSTANT_CONVERSION = YES;
				CLANG_WARN_DIRECT_OBJC_ISA_USAGE = YES_ERROR;
				CLANG_WARN_DOCUMENTATION_COMMENTS = YES;
				CLANG_WARN_EMPTY_BODY = YES;
				CLANG_WARN_ENUM_CONVERSION = YES;
				CLANG_WARN_INFINITE_RECURSION = YES;
				CLANG_WARN_INT_CONVERSION = YES;
				CLANG_WARN_OBJC_ROOT_CLASS = YES_ERROR;
				CLANG_WARN_SUSPICIOUS_MOVE = YES;
				CLANG_WARN_UNREACHABLE_CODE = YES;
				CLANG_WARN__DUPLICATE_METHOD_MATCH = YES;
				"CODE_SIGN_IDENTITY[sdk=iphoneos*]" = "iPhone Developer";
				COPY_PHASE_STRIP = NO;
				DEBUG_INFORMATION_FORMAT = "dwarf-with-dsym";
				ENABLE_NS_ASSERTIONS = NO;
				ENABLE_STRICT_OBJC_MSGSEND = YES;
				GCC_C_LANGUAGE_STANDARD = gnu99;
				GCC_NO_COMMON_BLOCKS = YES;
				GCC_WARN_64_TO_32_BIT_CONVERSION = YES;
				GCC_WARN_ABOUT_RETURN_TYPE = YES_ERROR;
				GCC_WARN_UNDECLARED_SELECTOR = YES;
				GCC_WARN_UNINITIALIZED_AUTOS = YES_AGGRESSIVE;
				GCC_WARN_UNUSED_FUNCTION = YES;
				GCC_WARN_UNUSED_VARIABLE = YES;
				IPHONEOS_DEPLOYMENT_TARGET = 10.3;
				MTL_ENABLE_DEBUG_INFO = NO;
				SDKROOT = iphoneos;
				VALIDATE_PRODUCT = YES;
			};
			name = Release;
		};
		04246E3F1F3BF43800AF55B8 /* Debug */ = {
			isa = XCBuildConfiguration;
			baseConfigurationReference = CEC9E9AF5768C417A34E0BCB /* Pods-WaterfallFlow.debug.xcconfig */;
			buildSettings = {
				ASSETCATALOG_COMPILER_APPICON_NAME = AppIcon;
				DEVELOPMENT_TEAM = G4E6298X77;
				INFOPLIST_FILE = WaterfallFlow/Info.plist;
				IPHONEOS_DEPLOYMENT_TARGET = 9.0;
				LD_RUNPATH_SEARCH_PATHS = "$(inherited) @executable_path/Frameworks";
				PRODUCT_BUNDLE_IDENTIFIER = com.mingpao.WaterfallFlow;
				PRODUCT_NAME = "$(TARGET_NAME)";
			};
			name = Debug;
		};
		04246E401F3BF43800AF55B8 /* Release */ = {
			isa = XCBuildConfiguration;
			baseConfigurationReference = A34C3065C20CBFF1458E0DE5 /* Pods-WaterfallFlow.release.xcconfig */;
			buildSettings = {
				ASSETCATALOG_COMPILER_APPICON_NAME = AppIcon;
				DEVELOPMENT_TEAM = G4E6298X77;
				INFOPLIST_FILE = WaterfallFlow/Info.plist;
				IPHONEOS_DEPLOYMENT_TARGET = 9.0;
				LD_RUNPATH_SEARCH_PATHS = "$(inherited) @executable_path/Frameworks";
				PRODUCT_BUNDLE_IDENTIFIER = com.mingpao.WaterfallFlow;
				PRODUCT_NAME = "$(TARGET_NAME)";
			};
			name = Release;
		};
/* End XCBuildConfiguration section */

/* Begin XCConfigurationList section */
		04246E221F3BF43500AF55B8 /* Build configuration list for PBXProject "WaterfallFlow" */ = {
			isa = XCConfigurationList;
			buildConfigurations = (
				04246E3C1F3BF43800AF55B8 /* Debug */,
				04246E3D1F3BF43800AF55B8 /* Release */,
			);
			defaultConfigurationIsVisible = 0;
			defaultConfigurationName = Release;
		};
		04246E3E1F3BF43800AF55B8 /* Build configuration list for PBXNativeTarget "WaterfallFlow" */ = {
			isa = XCConfigurationList;
			buildConfigurations = (
				04246E3F1F3BF43800AF55B8 /* Debug */,
				04246E401F3BF43800AF55B8 /* Release */,
			);
			defaultConfigurationIsVisible = 0;
			defaultConfigurationName = Release;
		};
/* End XCConfigurationList section */
	};
	rootObject = 04246E1F1F3BF43500AF55B8 /* Project object */;
}
